
Microsoft Visual Studio Solution File, Format Version 12.00
# Visual Studio Version 17
VisualStudioVersion = 17.2.32602.215
MinimumVisualStudioVersion = 10.0.40219.1
Project("{FAE04EC0-301F-11D3-BF4B-00C04F79EFBC}") = "BitacoraAPP", "BitacoraAPP\BitacoraAPP.csproj", "{4BF5104F-D801-43E9-BB39-D7F125587489}"
EndProject
Global
	GlobalSection(SolutionConfigurationPlatforms) = preSolution
		Debug|Any CPU = Debug|Any CPU
		Release|Any CPU = Release|Any CPU
	EndGlobalSection
	GlobalSection(ProjectConfigurationPlatforms) = postSolution
		{4BF5104F-D801-43E9-BB39-D7F125587489}.Debug|Any CPU.ActiveCfg = Debug|Any CPU
		{4BF5104F-D801-43E9-BB39-D7F125587489}.Debug|Any CPU.Build.0 = Debug|Any CPU
		{4BF5104F-D801-43E9-BB39-D7F125587489}.Release|Any CPU.ActiveCfg = Release|Any CPU
		{4BF5104F-D801-43E9-BB39-D7F125587489}.Release|Any CPU.Build.0 = Release|Any CPU
	EndGlobalSection
	GlobalSection(SolutionProperties) = preSolution
		HideSolutionNode = FALSE
	EndGlobalSection
	GlobalSection(ExtensibilityGlobals) = postSolution
		SolutionGuid = {F517F8AA-E401-46D3-B813-B0C9B386896F}
	EndGlobalSection
EndGlobal
